
Microsoft Visual Studio Solution File, Format Version 12.00
# Visual Studio Version 16
VisualStudioVersion = 16.0.30320.27
MinimumVisualStudioVersion = 10.0.40219.1
Project("{9A19103F-16F7-4668-BE54-9A1E7A4F7556}") = "IspitMVCProjekat", "IspitMVCProjekat\IspitMVCProjekat.csproj", "{0C02D5AE-6C46-4242-918B-9801E5E60DA6}"
EndProject
Project("{FAE04EC0-301F-11D3-BF4B-00C04F79EFBC}") = "IspitMVCProjekat.Tests", "IspitMVCProjekat.Tests\IspitMVCProjekat.Tests.csproj", "{F3DA059D-A1D6-466E-8655-63E1049AB348}"
EndProject
Global
	GlobalSection(SolutionConfigurationPlatforms) = preSolution
		Debug|Any CPU = Debug|Any CPU
		Release|Any CPU = Release|Any CPU
	EndGlobalSection
	GlobalSection(ProjectConfigurationPlatforms) = postSolution
		{0C02D5AE-6C46-4242-918B-9801E5E60DA6}.Debug|Any CPU.ActiveCfg = Debug|Any CPU
		{0C02D5AE-6C46-4242-918B-9801E5E60DA6}.Debug|Any CPU.Build.0 = Debug|Any CPU
		{0C02D5AE-6C46-4242-918B-9801E5E60DA6}.Release|Any CPU.ActiveCfg = Release|Any CPU
		{0C02D5AE-6C46-4242-918B-9801E5E60DA6}.Release|Any CPU.Build.0 = Release|Any CPU
		{F3DA059D-A1D6-466E-8655-63E1049AB348}.Debug|Any CPU.ActiveCfg = Debug|Any CPU
		{F3DA059D-A1D6-466E-8655-63E1049AB348}.Debug|Any CPU.Build.0 = Debug|Any CPU
		{F3DA059D-A1D6-466E-8655-63E1049AB348}.Release|Any CPU.ActiveCfg = Release|Any CPU
		{F3DA059D-A1D6-466E-8655-63E1049AB348}.Release|Any CPU.Build.0 = Release|Any CPU
	EndGlobalSection
	GlobalSection(SolutionProperties) = preSolution
		HideSolutionNode = FALSE
	EndGlobalSection
	GlobalSection(ExtensibilityGlobals) = postSolution
		SolutionGuid = {9C5FDECF-C28B-4CDB-97BC-E2073BBDC7A5}
	EndGlobalSection
EndGlobal
